
Microsoft Visual Studio Solution File, Format Version 9.00
# Visual C++ Express 2005
Project("{8BC9CEB8-8B4A-11D0-8D11-00A0C91BC942}") = "Houaiss2Babylon", "Houaiss2Babylon.vcproj", "{049D932B-D443-4923-B447-11B1FA687C73}"
EndProject
Global
	GlobalSection(SolutionConfigurationPlatforms) = preSolution
		Debug|Win32 = Debug|Win32
		Release|Win32 = Release|Win32
	EndGlobalSection
	GlobalSection(ProjectConfigurationPlatforms) = postSolution
		{049D932B-D443-4923-B447-11B1FA687C73}.Debug|Win32.ActiveCfg = Debug|Win32
		{049D932B-D443-4923-B447-11B1FA687C73}.Debug|Win32.Build.0 = Debug|Win32
		{049D932B-D443-4923-B447-11B1FA687C73}.Release|Win32.ActiveCfg = Release|Win32
		{049D932B-D443-4923-B447-11B1FA687C73}.Release|Win32.Build.0 = Release|Win32
	EndGlobalSection
	GlobalSection(SolutionProperties) = preSolution
		HideSolutionNode = FALSE
	EndGlobalSection
EndGlobal
